
Microsoft Visual Studio Solution File, Format Version 12.00
# Visual Studio Version 17
VisualStudioVersion = 17.9.34714.143
MinimumVisualStudioVersion = 10.0.40219.1
Project("{FAE04EC0-301F-11D3-BF4B-00C04F79EFBC}") = "Frontier.Server", "Frontier.Server\Frontier.Server.csproj", "{314209D6-3011-4247-906F-DFFACC395668}"
EndProject
Project("{54A90642-561A-4BB1-A94E-469ADEE60C69}") = "frontier.client", "frontier.client\frontier.client.esproj", "{6AB2D45F-D044-4227-B736-F111D4D3B06E}"
EndProject
Global
	GlobalSection(SolutionConfigurationPlatforms) = preSolution
		Debug|Any CPU = Debug|Any CPU
		Release|Any CPU = Release|Any CPU
	EndGlobalSection
	GlobalSection(ProjectConfigurationPlatforms) = postSolution
		{314209D6-3011-4247-906F-DFFACC395668}.Debug|Any CPU.ActiveCfg = Debug|Any CPU
		{314209D6-3011-4247-906F-DFFACC395668}.Debug|Any CPU.Build.0 = Debug|Any CPU
		{314209D6-3011-4247-906F-DFFACC395668}.Release|Any CPU.ActiveCfg = Release|Any CPU
		{314209D6-3011-4247-906F-DFFACC395668}.Release|Any CPU.Build.0 = Release|Any CPU
		{6AB2D45F-D044-4227-B736-F111D4D3B06E}.Debug|Any CPU.ActiveCfg = Debug|Any CPU
		{6AB2D45F-D044-4227-B736-F111D4D3B06E}.Debug|Any CPU.Build.0 = Debug|Any CPU
		{6AB2D45F-D044-4227-B736-F111D4D3B06E}.Debug|Any CPU.Deploy.0 = Debug|Any CPU
		{6AB2D45F-D044-4227-B736-F111D4D3B06E}.Release|Any CPU.ActiveCfg = Release|Any CPU
		{6AB2D45F-D044-4227-B736-F111D4D3B06E}.Release|Any CPU.Build.0 = Release|Any CPU
		{6AB2D45F-D044-4227-B736-F111D4D3B06E}.Release|Any CPU.Deploy.0 = Release|Any CPU
	EndGlobalSection
	GlobalSection(SolutionProperties) = preSolution
		HideSolutionNode = FALSE
	EndGlobalSection
	GlobalSection(ExtensibilityGlobals) = postSolution
		SolutionGuid = {C06FA39F-EDE1-48F9-8590-5F1C90F76C71}
	EndGlobalSection
EndGlobal
